// !$*UTF8*$!
{
	archiveVersion = 1;
	classes = {
	};
	objectVersion = 46;
	objects = {

/* Begin PBXBuildFile section */
		8737A72419E26F0300EEC091 /* VIAddressBookKit.h in Headers */ = {isa = PBXBuildFile; fileRef = 8737A72319E26F0300EEC091 /* VIAddressBookKit.h */; settings = {ATTRIBUTES = (Public, ); }; };
		8737A73919E26F4D00EEC091 /* VIAddressBookTests.swift in Sources */ = {isa = PBXBuildFile; fileRef = 8737A73719E26F4D00EEC091 /* VIAddressBookTests.swift */; };
		8737A73A19E26F4D00EEC091 /* PersonTests.swift in Sources */ = {isa = PBXBuildFile; fileRef = 8737A73819E26F4D00EEC091 /* PersonTests.swift */; };
		8737A73C19E26F6100EEC091 /* AddressBook.swift in Sources */ = {isa = PBXBuildFile; fileRef = 8737A73B19E26F6100EEC091 /* AddressBook.swift */; };
		8737A74119E26FE200EEC091 /* Person.swift in Sources */ = {isa = PBXBuildFile; fileRef = 8737A74019E26FE200EEC091 /* Person.swift */; };
		8751089519F345A700D6FCB1 /* VILogKit.framework in Copy Frameworks */ = {isa = PBXBuildFile; fileRef = 8751088E19F343BB00D6FCB1 /* VILogKit.framework */; settings = {ATTRIBUTES = (CodeSignOnCopy, RemoveHeadersOnCopy, ); }; };
		8751089919F3462300D6FCB1 /* VIAddressBookKit.framework in Copy Frameworks */ = {isa = PBXBuildFile; fileRef = 8737A71E19E26F0300EEC091 /* VIAddressBookKit.framework */; settings = {ATTRIBUTES = (CodeSignOnCopy, RemoveHeadersOnCopy, ); }; };
		8795661319E75E8900C8763F /* AlphabeticOrdering.swift in Sources */ = {isa = PBXBuildFile; fileRef = 8795661219E75E8900C8763F /* AlphabeticOrdering.swift */; };
		8795661519E7604000C8763F /* AlphabeticOrderingTests.swift in Sources */ = {isa = PBXBuildFile; fileRef = 8795661419E7604000C8763F /* AlphabeticOrderingTests.swift */; };
/* End PBXBuildFile section */

/* Begin PBXContainerItemProxy section */
		8751088D19F343BB00D6FCB1 /* PBXContainerItemProxy */ = {
			isa = PBXContainerItemProxy;
			containerPortal = 8751088819F343BB00D6FCB1 /* VILogKit.xcodeproj */;
			proxyType = 2;
			remoteGlobalIDString = 87539B1F19DB23F00084658D;
			remoteInfo = VILogKit;
		};
		8751088F19F343BB00D6FCB1 /* PBXContainerItemProxy */ = {
			isa = PBXContainerItemProxy;
			containerPortal = 8751088819F343BB00D6FCB1 /* VILogKit.xcodeproj */;
			proxyType = 2;
			remoteGlobalIDString = 87539B2A19DB23F00084658D;
			remoteInfo = VILogKitTests;
		};
		8751089219F3456F00D6FCB1 /* PBXContainerItemProxy */ = {
			isa = PBXContainerItemProxy;
			containerPortal = 8751088819F343BB00D6FCB1 /* VILogKit.xcodeproj */;
			proxyType = 1;
			remoteGlobalIDString = 87539B1E19DB23F00084658D;
			remoteInfo = VILogKit;
		};
		8751089619F345FC00D6FCB1 /* PBXContainerItemProxy */ = {
			isa = PBXContainerItemProxy;
			containerPortal = 8737A71519E26F0300EEC091 /* Project object */;
			proxyType = 1;
			remoteGlobalIDString = 8737A71D19E26F0300EEC091;
			remoteInfo = VIAddressBookKit;
		};
/* End PBXContainerItemProxy section */

/* Begin PBXCopyFilesBuildPhase section */
		8751089419F3458600D6FCB1 /* Copy Frameworks */ = {
			isa = PBXCopyFilesBuildPhase;
			buildActionMask = 2147483647;
			dstPath = "";
			dstSubfolderSpec = 10;
			files = (
				8751089519F345A700D6FCB1 /* VILogKit.framework in Copy Frameworks */,
			);
			name = "Copy Frameworks";
			runOnlyForDeploymentPostprocessing = 0;
		};
		8751089819F3461500D6FCB1 /* Copy Frameworks */ = {
			isa = PBXCopyFilesBuildPhase;
			buildActionMask = 2147483647;
			dstPath = "";
			dstSubfolderSpec = 10;
			files = (
				8751089919F3462300D6FCB1 /* VIAddressBookKit.framework in Copy Frameworks */,
			);
			name = "Copy Frameworks";
			runOnlyForDeploymentPostprocessing = 0;
		};
/* End PBXCopyFilesBuildPhase section */

/* Begin PBXFileReference section */
		8737A71E19E26F0300EEC091 /* VIAddressBookKit.framework */ = {isa = PBXFileReference; explicitFileType = wrapper.framework; includeInIndex = 0; path = VIAddressBookKit.framework; sourceTree = BUILT_PRODUCTS_DIR; };
		8737A72219E26F0300EEC091 /* Info.plist */ = {isa = PBXFileReference; lastKnownFileType = text.plist.xml; path = Info.plist; sourceTree = "<group>"; };
		8737A72319E26F0300EEC091 /* VIAddressBookKit.h */ = {isa = PBXFileReference; lastKnownFileType = sourcecode.c.h; path = VIAddressBookKit.h; sourceTree = "<group>"; };
		8737A72919E26F0300EEC091 /* VIAddressBookKitTests.xctest */ = {isa = PBXFileReference; explicitFileType = wrapper.cfbundle; includeInIndex = 0; path = VIAddressBookKitTests.xctest; sourceTree = BUILT_PRODUCTS_DIR; };
		8737A72C19E26F0300EEC091 /* Info.plist */ = {isa = PBXFileReference; lastKnownFileType = text.plist.xml; path = Info.plist; sourceTree = "<group>"; };
		8737A73719E26F4D00EEC091 /* VIAddressBookTests.swift */ = {isa = PBXFileReference; fileEncoding = 4; lastKnownFileType = sourcecode.swift; path = VIAddressBookTests.swift; sourceTree = "<group>"; };
		8737A73819E26F4D00EEC091 /* PersonTests.swift */ = {isa = PBXFileReference; fileEncoding = 4; lastKnownFileType = sourcecode.swift; path = PersonTests.swift; sourceTree = "<group>"; };
		8737A73B19E26F6100EEC091 /* AddressBook.swift */ = {isa = PBXFileReference; fileEncoding = 4; lastKnownFileType = sourcecode.swift; path = AddressBook.swift; sourceTree = "<group>"; };
		8737A74019E26FE200EEC091 /* Person.swift */ = {isa = PBXFileReference; fileEncoding = 4; lastKnownFileType = sourcecode.swift; path = Person.swift; sourceTree = "<group>"; };
		8751088819F343BB00D6FCB1 /* VILogKit.xcodeproj */ = {isa = PBXFileReference; lastKnownFileType = "wrapper.pb-project"; name = VILogKit.xcodeproj; path = VILogKit/VILogKit.xcodeproj; sourceTree = "<group>"; };
		8795661219E75E8900C8763F /* AlphabeticOrdering.swift */ = {isa = PBXFileReference; fileEncoding = 4; lastKnownFileType = sourcecode.swift; path = AlphabeticOrdering.swift; sourceTree = "<group>"; };
		8795661419E7604000C8763F /* AlphabeticOrderingTests.swift */ = {isa = PBXFileReference; fileEncoding = 4; lastKnownFileType = sourcecode.swift; path = AlphabeticOrderingTests.swift; sourceTree = "<group>"; };
/* End PBXFileReference section */

/* Begin PBXFrameworksBuildPhase section */
		8737A71A19E26F0300EEC091 /* Frameworks */ = {
			isa = PBXFrameworksBuildPhase;
			buildActionMask = 2147483647;
			files = (
			);
			runOnlyForDeploymentPostprocessing = 0;
		};
		8737A72619E26F0300EEC091 /* Frameworks */ = {
			isa = PBXFrameworksBuildPhase;
			buildActionMask = 2147483647;
			files = (
			);
			runOnlyForDeploymentPostprocessing = 0;
		};
/* End PBXFrameworksBuildPhase section */

/* Begin PBXGroup section */
		8737A71419E26F0300EEC091 = {
			isa = PBXGroup;
			children = (
				8737A72019E26F0300EEC091 /* VIAddressBookKit */,
				8737A72A19E26F0300EEC091 /* VIAddressBookKitTests */,
				8737A73F19E26FB300EEC091 /* Frameworks */,
				8737A71F19E26F0300EEC091 /* Products */,
			);
			sourceTree = "<group>";
		};
		8737A71F19E26F0300EEC091 /* Products */ = {
			isa = PBXGroup;
			children = (
				8737A71E19E26F0300EEC091 /* VIAddressBookKit.framework */,
				8737A72919E26F0300EEC091 /* VIAddressBookKitTests.xctest */,
			);
			name = Products;
			sourceTree = "<group>";
		};
		8737A72019E26F0300EEC091 /* VIAddressBookKit */ = {
			isa = PBXGroup;
			children = (
				8737A72319E26F0300EEC091 /* VIAddressBookKit.h */,
				8737A74019E26FE200EEC091 /* Person.swift */,
				8795661219E75E8900C8763F /* AlphabeticOrdering.swift */,
				8737A73B19E26F6100EEC091 /* AddressBook.swift */,
				8737A72119E26F0300EEC091 /* Supporting Files */,
			);
			path = VIAddressBookKit;
			sourceTree = "<group>";
		};
		8737A72119E26F0300EEC091 /* Supporting Files */ = {
			isa = PBXGroup;
			children = (
				8737A72219E26F0300EEC091 /* Info.plist */,
			);
			name = "Supporting Files";
			sourceTree = "<group>";
		};
		8737A72A19E26F0300EEC091 /* VIAddressBookKitTests */ = {
			isa = PBXGroup;
			children = (
				8737A73719E26F4D00EEC091 /* VIAddressBookTests.swift */,
				8737A73819E26F4D00EEC091 /* PersonTests.swift */,
				8795661419E7604000C8763F /* AlphabeticOrderingTests.swift */,
				8737A72B19E26F0300EEC091 /* Supporting Files */,
			);
			path = VIAddressBookKitTests;
			sourceTree = "<group>";
		};
		8737A72B19E26F0300EEC091 /* Supporting Files */ = {
			isa = PBXGroup;
			children = (
				8737A72C19E26F0300EEC091 /* Info.plist */,
			);
			name = "Supporting Files";
			sourceTree = "<group>";
		};
		8737A73F19E26FB300EEC091 /* Frameworks */ = {
			isa = PBXGroup;
			children = (
				8751088819F343BB00D6FCB1 /* VILogKit.xcodeproj */,
			);
			name = Frameworks;
			sourceTree = "<group>";
		};
		8751088919F343BB00D6FCB1 /* Products */ = {
			isa = PBXGroup;
			children = (
				8751088E19F343BB00D6FCB1 /* VILogKit.framework */,
				8751089019F343BB00D6FCB1 /* VILogKitTests.xctest */,
			);
			name = Products;
			sourceTree = "<group>";
		};
/* End PBXGroup section */

/* Begin PBXHeadersBuildPhase section */
		8737A71B19E26F0300EEC091 /* Headers */ = {
			isa = PBXHeadersBuildPhase;
			buildActionMask = 2147483647;
			files = (
				8737A72419E26F0300EEC091 /* VIAddressBookKit.h in Headers */,
			);
			runOnlyForDeploymentPostprocessing = 0;
		};
/* End PBXHeadersBuildPhase section */

/* Begin PBXNativeTarget section */
		8737A71D19E26F0300EEC091 /* VIAddressBookKit */ = {
			isa = PBXNativeTarget;
			buildConfigurationList = 8737A73119E26F0300EEC091 /* Build configuration list for PBXNativeTarget "VIAddressBookKit" */;
			buildPhases = (
				8737A71919E26F0300EEC091 /* Sources */,
				8737A71A19E26F0300EEC091 /* Frameworks */,
				8737A71B19E26F0300EEC091 /* Headers */,
				8737A71C19E26F0300EEC091 /* Resources */,
				8751089419F3458600D6FCB1 /* Copy Frameworks */,
			);
			buildRules = (
			);
			dependencies = (
				8751089319F3456F00D6FCB1 /* PBXTargetDependency */,
			);
			name = VIAddressBookKit;
			productName = VIAddressBookKit;
			productReference = 8737A71E19E26F0300EEC091 /* VIAddressBookKit.framework */;
			productType = "com.apple.product-type.framework";
		};
		8737A72819E26F0300EEC091 /* VIAddressBookKitTests */ = {
			isa = PBXNativeTarget;
			buildConfigurationList = 8737A73419E26F0300EEC091 /* Build configuration list for PBXNativeTarget "VIAddressBookKitTests" */;
			buildPhases = (
				8737A72519E26F0300EEC091 /* Sources */,
				8737A72619E26F0300EEC091 /* Frameworks */,
				8737A72719E26F0300EEC091 /* Resources */,
				8751089819F3461500D6FCB1 /* Copy Frameworks */,
			);
			buildRules = (
			);
			dependencies = (
				8751089719F345FC00D6FCB1 /* PBXTargetDependency */,
			);
			name = VIAddressBookKitTests;
			productName = VIAddressBookKitTests;
			productReference = 8737A72919E26F0300EEC091 /* VIAddressBookKitTests.xctest */;
			productType = "com.apple.product-type.bundle.unit-test";
		};
/* End PBXNativeTarget section */

/* Begin PBXProject section */
		8737A71519E26F0300EEC091 /* Project object */ = {
			isa = PBXProject;
			attributes = {
				LastUpgradeCheck = 0600;
				ORGANIZATIONNAME = "viWiD Webdesign & iOS Development";
				TargetAttributes = {
					8737A71D19E26F0300EEC091 = {
						CreatedOnToolsVersion = 6.0.1;
					};
					8737A72819E26F0300EEC091 = {
						CreatedOnToolsVersion = 6.0.1;
					};
				};
			};
			buildConfigurationList = 8737A71819E26F0300EEC091 /* Build configuration list for PBXProject "VIAddressBookKit" */;
			compatibilityVersion = "Xcode 3.2";
			developmentRegion = English;
			hasScannedForEncodings = 0;
			knownRegions = (
				en,
			);
			mainGroup = 8737A71419E26F0300EEC091;
			productRefGroup = 8737A71F19E26F0300EEC091 /* Products */;
			projectDirPath = "";
			projectReferences = (
				{
					ProductGroup = 8751088919F343BB00D6FCB1 /* Products */;
					ProjectRef = 8751088819F343BB00D6FCB1 /* VILogKit.xcodeproj */;
				},
			);
			projectRoot = "";
			targets = (
				8737A71D19E26F0300EEC091 /* VIAddressBookKit */,
				8737A72819E26F0300EEC091 /* VIAddressBookKitTests */,
			);
		};
/* End PBXProject section */

/* Begin PBXReferenceProxy section */
		8751088E19F343BB00D6FCB1 /* VILogKit.framework */ = {
			isa = PBXReferenceProxy;
			fileType = wrapper.framework;
			path = VILogKit.framework;
			remoteRef = 8751088D19F343BB00D6FCB1 /* PBXContainerItemProxy */;
			sourceTree = BUILT_PRODUCTS_DIR;
		};
		8751089019F343BB00D6FCB1 /* VILogKitTests.xctest */ = {
			isa = PBXReferenceProxy;
			fileType = wrapper.cfbundle;
			path = VILogKitTests.xctest;
			remoteRef = 8751088F19F343BB00D6FCB1 /* PBXContainerItemProxy */;
			sourceTree = BUILT_PRODUCTS_DIR;
		};
/* End PBXReferenceProxy section */

/* Begin PBXResourcesBuildPhase section */
		8737A71C19E26F0300EEC091 /* Resources */ = {
			isa = PBXResourcesBuildPhase;
			buildActionMask = 2147483647;
			files = (
			);
			runOnlyForDeploymentPostprocessing = 0;
		};
		8737A72719E26F0300EEC091 /* Resources */ = {
			isa = PBXResourcesBuildPhase;
			buildActionMask = 2147483647;
			files = (
			);
			runOnlyForDeploymentPostprocessing = 0;
		};
/* End PBXResourcesBuildPhase section */

/* Begin PBXSourcesBuildPhase section */
		8737A71919E26F0300EEC091 /* Sources */ = {
			isa = PBXSourcesBuildPhase;
			buildActionMask = 2147483647;
			files = (
				8795661319E75E8900C8763F /* AlphabeticOrdering.swift in Sources */,
				8737A73C19E26F6100EEC091 /* AddressBook.swift in Sources */,
				8737A74119E26FE200EEC091 /* Person.swift in Sources */,
			);
			runOnlyForDeploymentPostprocessing = 0;
		};
		8737A72519E26F0300EEC091 /* Sources */ = {
			isa = PBXSourcesBuildPhase;
			buildActionMask = 2147483647;
			files = (
				8737A73919E26F4D00EEC091 /* VIAddressBookTests.swift in Sources */,
				8737A73A19E26F4D00EEC091 /* PersonTests.swift in Sources */,
				8795661519E7604000C8763F /* AlphabeticOrderingTests.swift in Sources */,
			);
			runOnlyForDeploymentPostprocessing = 0;
		};
/* End PBXSourcesBuildPhase section */

/* Begin PBXTargetDependency section */
		8751089319F3456F00D6FCB1 /* PBXTargetDependency */ = {
			isa = PBXTargetDependency;
			name = VILogKit;
			targetProxy = 8751089219F3456F00D6FCB1 /* PBXContainerItemProxy */;
		};
		8751089719F345FC00D6FCB1 /* PBXTargetDependency */ = {
			isa = PBXTargetDependency;
			target = 8737A71D19E26F0300EEC091 /* VIAddressBookKit */;
			targetProxy = 8751089619F345FC00D6FCB1 /* PBXContainerItemProxy */;
		};
/* End PBXTargetDependency section */

/* Begin XCBuildConfiguration section */
		8737A72F19E26F0300EEC091 /* Debug */ = {
			isa = XCBuildConfiguration;
			buildSettings = {
				ALWAYS_SEARCH_USER_PATHS = NO;
				CLANG_CXX_LANGUAGE_STANDARD = "gnu++0x";
				CLANG_CXX_LIBRARY = "libc++";
				CLANG_ENABLE_MODULES = YES;
				CLANG_ENABLE_OBJC_ARC = YES;
				CLANG_WARN_BOOL_CONVERSION = YES;
				CLANG_WARN_CONSTANT_CONVERSION = YES;
				CLANG_WARN_DIRECT_OBJC_ISA_USAGE = YES_ERROR;
				CLANG_WARN_EMPTY_BODY = YES;
				CLANG_WARN_ENUM_CONVERSION = YES;
				CLANG_WARN_INT_CONVERSION = YES;
				CLANG_WARN_OBJC_ROOT_CLASS = YES_ERROR;
				CLANG_WARN_UNREACHABLE_CODE = YES;
				CLANG_WARN__DUPLICATE_METHOD_MATCH = YES;
				"CODE_SIGN_IDENTITY[sdk=iphoneos*]" = "iPhone Developer";
				COPY_PHASE_STRIP = NO;
				CURRENT_PROJECT_VERSION = 1;
				ENABLE_STRICT_OBJC_MSGSEND = YES;
				GCC_C_LANGUAGE_STANDARD = gnu99;
				GCC_DYNAMIC_NO_PIC = NO;
				GCC_OPTIMIZATION_LEVEL = 0;
				GCC_PREPROCESSOR_DEFINITIONS = (
					"DEBUG=1",
					"$(inherited)",
				);
				GCC_SYMBOLS_PRIVATE_EXTERN = NO;
				GCC_WARN_64_TO_32_BIT_CONVERSION = YES;
				GCC_WARN_ABOUT_RETURN_TYPE = YES_ERROR;
				GCC_WARN_UNDECLARED_SELECTOR = YES;
				GCC_WARN_UNINITIALIZED_AUTOS = YES_AGGRESSIVE;
				GCC_WARN_UNUSED_FUNCTION = YES;
				GCC_WARN_UNUSED_VARIABLE = YES;
				IPHONEOS_DEPLOYMENT_TARGET = 8.0;
				MTL_ENABLE_DEBUG_INFO = YES;
				ONLY_ACTIVE_ARCH = YES;
				SDKROOT = iphoneos;
				SWIFT_OPTIMIZATION_LEVEL = "-Onone";
				TARGETED_DEVICE_FAMILY = "1,2";
				VERSIONING_SYSTEM = "apple-generic";
				VERSION_INFO_PREFIX = "";
			};
			name = Debug;
		};
		8737A73019E26F0300EEC091 /* Release */ = {
			isa = XCBuildConfiguration;
			buildSettings = {
				ALWAYS_SEARCH_USER_PATHS = NO;
				CLANG_CXX_LANGUAGE_STANDARD = "gnu++0x";
				CLANG_CXX_LIBRARY = "libc++";
				CLANG_ENABLE_MODULES = YES;
				CLANG_ENABLE_OBJC_ARC = YES;
				CLANG_WARN_BOOL_CONVERSION = YES;
				CLANG_WARN_CONSTANT_CONVERSION = YES;
				CLANG_WARN_DIRECT_OBJC_ISA_USAGE = YES_ERROR;
				CLANG_WARN_EMPTY_BODY = YES;
				CLANG_WARN_ENUM_CONVERSION = YES;
				CLANG_WARN_INT_CONVERSION = YES;
				CLANG_WARN_OBJC_ROOT_CLASS = YES_ERROR;
				CLANG_WARN_UNREACHABLE_CODE = YES;
				CLANG_WARN__DUPLICATE_METHOD_MATCH = YES;
				"CODE_SIGN_IDENTITY[sdk=iphoneos*]" = "iPhone Developer";
				COPY_PHASE_STRIP = YES;
				CURRENT_PROJECT_VERSION = 1;
				ENABLE_NS_ASSERTIONS = NO;
				ENABLE_STRICT_OBJC_MSGSEND = YES;
				GCC_C_LANGUAGE_STANDARD = gnu99;
				GCC_WARN_64_TO_32_BIT_CONVERSION = YES;
				GCC_WARN_ABOUT_RETURN_TYPE = YES_ERROR;
				GCC_WARN_UNDECLARED_SELECTOR = YES;
				GCC_WARN_UNINITIALIZED_AUTOS = YES_AGGRESSIVE;
				GCC_WARN_UNUSED_FUNCTION = YES;
				GCC_WARN_UNUSED_VARIABLE = YES;
				IPHONEOS_DEPLOYMENT_TARGET = 8.0;
				MTL_ENABLE_DEBUG_INFO = NO;
				SDKROOT = iphoneos;
				TARGETED_DEVICE_FAMILY = "1,2";
				VALIDATE_PRODUCT = YES;
				VERSIONING_SYSTEM = "apple-generic";
				VERSION_INFO_PREFIX = "";
			};
			name = Release;
		};
		8737A73219E26F0300EEC091 /* Debug */ = {
			isa = XCBuildConfiguration;
			buildSettings = {
				APPLICATION_EXTENSION_API_ONLY = YES;
				CLANG_ENABLE_MODULES = YES;
				DEFINES_MODULE = YES;
				DYLIB_COMPATIBILITY_VERSION = 1;
				DYLIB_CURRENT_VERSION = 1;
				DYLIB_INSTALL_NAME_BASE = "@rpath";
				FRAMEWORK_SEARCH_PATHS = "$(inherited)";
				INFOPLIST_FILE = VIAddressBookKit/Info.plist;
				INSTALL_PATH = "$(LOCAL_LIBRARY_DIR)/Frameworks";
				LD_RUNPATH_SEARCH_PATHS = "$(inherited) @executable_path/Frameworks @loader_path/Frameworks";
				PRODUCT_NAME = "$(TARGET_NAME)";
				SKIP_INSTALL = YES;
				SWIFT_OPTIMIZATION_LEVEL = "-Onone";
			};
			name = Debug;
		};
		8737A73319E26F0300EEC091 /* Release */ = {
			isa = XCBuildConfiguration;
			buildSettings = {
				APPLICATION_EXTENSION_API_ONLY = YES;
				CLANG_ENABLE_MODULES = YES;
				DEFINES_MODULE = YES;
				DYLIB_COMPATIBILITY_VERSION = 1;
				DYLIB_CURRENT_VERSION = 1;
				DYLIB_INSTALL_NAME_BASE = "@rpath";
				FRAMEWORK_SEARCH_PATHS = "$(inherited)";
				INFOPLIST_FILE = VIAddressBookKit/Info.plist;
				INSTALL_PATH = "$(LOCAL_LIBRARY_DIR)/Frameworks";
				LD_RUNPATH_SEARCH_PATHS = "$(inherited) @executable_path/Frameworks @loader_path/Frameworks";
				PRODUCT_NAME = "$(TARGET_NAME)";
				SKIP_INSTALL = YES;
			};
			name = Release;
		};
		8737A73519E26F0300EEC091 /* Debug */ = {
			isa = XCBuildConfiguration;
			buildSettings = {
				FRAMEWORK_SEARCH_PATHS = (
					"$(SDKROOT)/Developer/Library/Frameworks",
					"$(inherited)",
				);
				GCC_PREPROCESSOR_DEFINITIONS = (
					"DEBUG=1",
					"$(inherited)",
				);
				INFOPLIST_FILE = VIAddressBookKitTests/Info.plist;
				LD_RUNPATH_SEARCH_PATHS = "$(inherited) @executable_path/Frameworks @loader_path/Frameworks";
				PRODUCT_NAME = "$(TARGET_NAME)";
			};
			name = Debug;
		};
		8737A73619E26F0300EEC091 /* Release */ = {
			isa = XCBuildConfiguration;
			buildSettings = {
				FRAMEWORK_SEARCH_PATHS = (
					"$(SDKROOT)/Developer/Library/Frameworks",
					"$(inherited)",
				);
				INFOPLIST_FILE = VIAddressBookKitTests/Info.plist;
				LD_RUNPATH_SEARCH_PATHS = "$(inherited) @executable_path/Frameworks @loader_path/Frameworks";
				PRODUCT_NAME = "$(TARGET_NAME)";
			};
			name = Release;
		};
/* End XCBuildConfiguration section */

/* Begin XCConfigurationList section */
		8737A71819E26F0300EEC091 /* Build configuration list for PBXProject "VIAddressBookKit" */ = {
			isa = XCConfigurationList;
			buildConfigurations = (
				8737A72F19E26F0300EEC091 /* Debug */,
				8737A73019E26F0300EEC091 /* Release */,
			);
			defaultConfigurationIsVisible = 0;
			defaultConfigurationName = Release;
		};
		8737A73119E26F0300EEC091 /* Build configuration list for PBXNativeTarget "VIAddressBookKit" */ = {
			isa = XCConfigurationList;
			buildConfigurations = (
				8737A73219E26F0300EEC091 /* Debug */,
				8737A73319E26F0300EEC091 /* Release */,
			);
			defaultConfigurationIsVisible = 0;
			defaultConfigurationName = Release;
		};
		8737A73419E26F0300EEC091 /* Build configuration list for PBXNativeTarget "VIAddressBookKitTests" */ = {
			isa = XCConfigurationList;
			buildConfigurations = (
				8737A73519E26F0300EEC091 /* Debug */,
				8737A73619E26F0300EEC091 /* Release */,
			);
			defaultConfigurationIsVisible = 0;
			defaultConfigurationName = Release;
		};
/* End XCConfigurationList section */
	};
	rootObject = 8737A71519E26F0300EEC091 /* Project object */;
}
